
Microsoft Visual Studio Solution File, Format Version 12.00
# Visual Studio Version 16
VisualStudioVersion = 16.0.30907.101
MinimumVisualStudioVersion = 10.0.40219.1
Project("{FAE04EC0-301F-11D3-BF4B-00C04F79EFBC}") = "GestionEtudiants", "GestionEtudiants\GestionEtudiants.csproj", "{F667D527-8A74-415B-B7A2-C137722195F7}"
EndProject
Global
	GlobalSection(SolutionConfigurationPlatforms) = preSolution
		Debug|Any CPU = Debug|Any CPU
		Release|Any CPU = Release|Any CPU
	EndGlobalSection
	GlobalSection(ProjectConfigurationPlatforms) = postSolution
		{F667D527-8A74-415B-B7A2-C137722195F7}.Debug|Any CPU.ActiveCfg = Debug|Any CPU
		{F667D527-8A74-415B-B7A2-C137722195F7}.Debug|Any CPU.Build.0 = Debug|Any CPU
		{F667D527-8A74-415B-B7A2-C137722195F7}.Release|Any CPU.ActiveCfg = Release|Any CPU
		{F667D527-8A74-415B-B7A2-C137722195F7}.Release|Any CPU.Build.0 = Release|Any CPU
	EndGlobalSection
	GlobalSection(SolutionProperties) = preSolution
		HideSolutionNode = FALSE
	EndGlobalSection
	GlobalSection(ExtensibilityGlobals) = postSolution
		SolutionGuid = {8AC3B046-D9E5-496B-995F-DC3601C3DFDA}
	EndGlobalSection
EndGlobal
